
Microsoft Visual Studio Solution File, Format Version 11.00
# Visual Studio 2010
Project("{F184B08F-C81C-45F6-A57F-5ABD9991F28F}") = "Cookies", "Cookies\Cookies.vbproj", "{58ECCB0B-BB5E-42D9-8C4A-57400B9DD17B}"
EndProject
Global
	GlobalSection(SolutionConfigurationPlatforms) = preSolution
		Debug|x86 = Debug|x86
		Release|x86 = Release|x86
	EndGlobalSection
	GlobalSection(ProjectConfigurationPlatforms) = postSolution
		{58ECCB0B-BB5E-42D9-8C4A-57400B9DD17B}.Debug|x86.ActiveCfg = Debug|x86
		{58ECCB0B-BB5E-42D9-8C4A-57400B9DD17B}.Debug|x86.Build.0 = Debug|x86
		{58ECCB0B-BB5E-42D9-8C4A-57400B9DD17B}.Release|x86.ActiveCfg = Release|x86
		{58ECCB0B-BB5E-42D9-8C4A-57400B9DD17B}.Release|x86.Build.0 = Release|x86
	EndGlobalSection
	GlobalSection(SolutionProperties) = preSolution
		HideSolutionNode = FALSE
	EndGlobalSection
EndGlobal
