
Microsoft Visual Studio Solution File, Format Version 11.00
# Visual Studio 2010
Project("{F184B08F-C81C-45F6-A57F-5ABD9991F28F}") = "6.01 Work", "6.01 Work\6.01 Work.vbproj", "{CAB8474F-C8E3-4062-853A-E93FAEB123DD}"
EndProject
Global
	GlobalSection(SolutionConfigurationPlatforms) = preSolution
		Debug|x86 = Debug|x86
		Release|x86 = Release|x86
	EndGlobalSection
	GlobalSection(ProjectConfigurationPlatforms) = postSolution
		{CAB8474F-C8E3-4062-853A-E93FAEB123DD}.Debug|x86.ActiveCfg = Debug|x86
		{CAB8474F-C8E3-4062-853A-E93FAEB123DD}.Debug|x86.Build.0 = Debug|x86
		{CAB8474F-C8E3-4062-853A-E93FAEB123DD}.Release|x86.ActiveCfg = Release|x86
		{CAB8474F-C8E3-4062-853A-E93FAEB123DD}.Release|x86.Build.0 = Release|x86
	EndGlobalSection
	GlobalSection(SolutionProperties) = preSolution
		HideSolutionNode = FALSE
	EndGlobalSection
EndGlobal
