
Microsoft Visual Studio Solution File, Format Version 11.00
# Visual Studio 2010
Project("{F184B08F-C81C-45F6-A57F-5ABD9991F28F}") = "6.01 List Boxes, Combo Boxes", "6.01 List Boxes, Combo Boxes\6.01 List Boxes, Combo Boxes.vbproj", "{056A9246-2F81-440D-AFFD-2AB573485CC4}"
EndProject
Global
	GlobalSection(SolutionConfigurationPlatforms) = preSolution
		Debug|x86 = Debug|x86
		Release|x86 = Release|x86
	EndGlobalSection
	GlobalSection(ProjectConfigurationPlatforms) = postSolution
		{056A9246-2F81-440D-AFFD-2AB573485CC4}.Debug|x86.ActiveCfg = Debug|x86
		{056A9246-2F81-440D-AFFD-2AB573485CC4}.Debug|x86.Build.0 = Debug|x86
		{056A9246-2F81-440D-AFFD-2AB573485CC4}.Release|x86.ActiveCfg = Release|x86
		{056A9246-2F81-440D-AFFD-2AB573485CC4}.Release|x86.Build.0 = Release|x86
	EndGlobalSection
	GlobalSection(SolutionProperties) = preSolution
		HideSolutionNode = FALSE
	EndGlobalSection
EndGlobal
